
Microsoft Visual Studio Solution File, Format Version 12.00
# Visual Studio Version 16
VisualStudioVersion = 16.0.29009.5
MinimumVisualStudioVersion = 10.0.40219.1
Project("{FAE04EC0-301F-11D3-BF4B-00C04F79EFBC}") = "OnlineStore", "OnlineStore.csproj", "{605F6059-E15E-43F0-9626-261EED68D9FC}"
EndProject
Global
	GlobalSection(SolutionConfigurationPlatforms) = preSolution
		Debug|Any CPU = Debug|Any CPU
		Release|Any CPU = Release|Any CPU
	EndGlobalSection
	GlobalSection(ProjectConfigurationPlatforms) = postSolution
		{605F6059-E15E-43F0-9626-261EED68D9FC}.Debug|Any CPU.ActiveCfg = Debug|Any CPU
		{605F6059-E15E-43F0-9626-261EED68D9FC}.Debug|Any CPU.Build.0 = Debug|Any CPU
		{605F6059-E15E-43F0-9626-261EED68D9FC}.Release|Any CPU.ActiveCfg = Release|Any CPU
		{605F6059-E15E-43F0-9626-261EED68D9FC}.Release|Any CPU.Build.0 = Release|Any CPU
	EndGlobalSection
	GlobalSection(SolutionProperties) = preSolution
		HideSolutionNode = FALSE
	EndGlobalSection
	GlobalSection(ExtensibilityGlobals) = postSolution
		SolutionGuid = {A60DC24D-AF00-45E7-AD20-94E6978432A0}
	EndGlobalSection
EndGlobal
